
Microsoft Visual Studio Solution File, Format Version 12.00
# Visual Studio Version 17
VisualStudioVersion = 17.9.34607.119
MinimumVisualStudioVersion = 10.0.40219.1
Project("{FAE04EC0-301F-11D3-BF4B-00C04F79EFBC}") = "Lab5Ex2", "Lab5Ex2\Lab5Ex2.csproj", "{AD3D7D39-F453-41B4-8240-55421294D7EF}"
EndProject
Global
	GlobalSection(SolutionConfigurationPlatforms) = preSolution
		Debug|Any CPU = Debug|Any CPU
		Release|Any CPU = Release|Any CPU
	EndGlobalSection
	GlobalSection(ProjectConfigurationPlatforms) = postSolution
		{AD3D7D39-F453-41B4-8240-55421294D7EF}.Debug|Any CPU.ActiveCfg = Debug|Any CPU
		{AD3D7D39-F453-41B4-8240-55421294D7EF}.Debug|Any CPU.Build.0 = Debug|Any CPU
		{AD3D7D39-F453-41B4-8240-55421294D7EF}.Release|Any CPU.ActiveCfg = Release|Any CPU
		{AD3D7D39-F453-41B4-8240-55421294D7EF}.Release|Any CPU.Build.0 = Release|Any CPU
	EndGlobalSection
	GlobalSection(SolutionProperties) = preSolution
		HideSolutionNode = FALSE
	EndGlobalSection
	GlobalSection(ExtensibilityGlobals) = postSolution
		SolutionGuid = {08CD388C-A64B-4A32-83AD-A3615B6F7589}
	EndGlobalSection
EndGlobal
